
Microsoft Visual Studio Solution File, Format Version 12.00
# Visual Studio Version 17
VisualStudioVersion = 17.2.32505.173
MinimumVisualStudioVersion = 10.0.40219.1
Project("{FAE04EC0-301F-11D3-BF4B-00C04F79EFBC}") = "testeAPI", "testeAPI\testeAPI.csproj", "{DB48CBB7-B7C0-4110-B396-9C8B0CBCE9AD}"
EndProject
Global
	GlobalSection(SolutionConfigurationPlatforms) = preSolution
		Debug|Any CPU = Debug|Any CPU
		Release|Any CPU = Release|Any CPU
	EndGlobalSection
	GlobalSection(ProjectConfigurationPlatforms) = postSolution
		{DB48CBB7-B7C0-4110-B396-9C8B0CBCE9AD}.Debug|Any CPU.ActiveCfg = Debug|Any CPU
		{DB48CBB7-B7C0-4110-B396-9C8B0CBCE9AD}.Debug|Any CPU.Build.0 = Debug|Any CPU
		{DB48CBB7-B7C0-4110-B396-9C8B0CBCE9AD}.Release|Any CPU.ActiveCfg = Release|Any CPU
		{DB48CBB7-B7C0-4110-B396-9C8B0CBCE9AD}.Release|Any CPU.Build.0 = Release|Any CPU
	EndGlobalSection
	GlobalSection(SolutionProperties) = preSolution
		HideSolutionNode = FALSE
	EndGlobalSection
	GlobalSection(ExtensibilityGlobals) = postSolution
		SolutionGuid = {963F3C0A-6F3B-4D8E-BFC9-FAB700493769}
	EndGlobalSection
EndGlobal
